<?xml version="1.0" encoding="utf-8"?>
<Project ToolsVersion="4.0" xmlns="http://schemas.microsoft.com/developer/msbuild/2003">
  <ItemGroup>
    <Filter Include="Source Files">
      <UniqueIdentifier>{4FC737F1-C7A5-4376-A066-2A32D752A2FF}</UniqueIdentifier>
      <Extensions>qml;cpp;c;cc;cxx;def;odl;idl;hpj;bat;asm;asmx</Extensions>
    </Filter>
    <Filter Include="Header Files">
      <UniqueIdentifier>{93995380-89BD-4b04-88EB-625FBE52EBFB}</UniqueIdentifier>
      <Extensions>h;hh;hpp;hxx;hm;inl;inc;xsd</Extensions>
    </Filter>
    <Filter Include="Resource Files">
      <UniqueIdentifier>{67DA6AB6-F800-4c08-8B7A-83BB121AAD01}</UniqueIdentifier>
      <Extensions>qrc;rc;ico;cur;bmp;dlg;rc2;rct;bin;rgs;gif;jpg;jpeg;jpe;resx;tiff;tif;png;wav;mfcribbon-ms</Extensions>
    </Filter>
    <Filter Include="Form Files">
      <UniqueIdentifier>{99349809-55BA-4b9d-BF79-8FDBB0286EB3}</UniqueIdentifier>
      <Extensions>ui</Extensions>
    </Filter>
    <Filter Include="Translation Files">
      <UniqueIdentifier>{639EADAA-A684-42e4-A9AD-28FC9BCB8F7C}</UniqueIdentifier>
      <Extensions>ts</Extensions>
    </Filter>
    <Filter Include="ObjProduceFactory">
      <UniqueIdentifier>{6c6d4dd6-043d-4b7e-8525-6c1717f973ca}</UniqueIdentifier>
    </Filter>
    <Filter Include="async_invoker">
      <UniqueIdentifier>{e441e376-3129-4110-b3b7-31f20027d0d6}</UniqueIdentifier>
    </Filter>
    <Filter Include="async_invoker\inner">
      <UniqueIdentifier>{f34e65dd-b949-4415-b850-55feec409422}</UniqueIdentifier>
    </Filter>
    <Filter Include="TaskScheduler">
      <UniqueIdentifier>{6d8a7b72-e7a8-4bcd-91a7-13f6006629ba}</UniqueIdentifier>
    </Filter>
    <Filter Include="wrapper">
      <UniqueIdentifier>{637bb947-685e-42ca-a768-b932093c29bf}</UniqueIdentifier>
    </Filter>
    <Filter Include="singleton">
      <UniqueIdentifier>{4c35bc6c-38b6-45d6-8be8-5f1b7a02602b}</UniqueIdentifier>
    </Filter>
  </ItemGroup>
  <ItemGroup>
    <ClInclude Include="commontools_global.h">
      <Filter>Header Files</Filter>
    </ClInclude>
    <ClInclude Include="CommonToolsSpace.h">
      <Filter>Header Files</Filter>
    </ClInclude>
    <ClInclude Include="CommonToolsDef.h">
      <Filter>Header Files</Filter>
    </ClInclude>
    <ClInclude Include="ObjProduceFactory.h">
      <Filter>ObjProduceFactory</Filter>
    </ClInclude>
    <ClInclude Include="AsyncInvoker.h">
      <Filter>async_invoker</Filter>
    </ClInclude>
    <ClInclude Include="AsyncEvenLoopInvoker.h">
      <Filter>async_invoker</Filter>
    </ClInclude>
    <ClInclude Include="MacroDef.h">
      <Filter>Header Files</Filter>
    </ClInclude>
    <ClInclude Include="JobExecuteThread.h">
      <Filter>TaskScheduler</Filter>
    </ClInclude>
    <ClInclude Include="wrapper_thread.h">
      <Filter>wrapper</Filter>
    </ClInclude>
    <ClInclude Include="utils\singleton_obj.h">
      <Filter>singleton</Filter>
    </ClInclude>
  </ItemGroup>
  <ItemGroup>
    <ClCompile Include="ObjProduceFactory.cpp">
      <Filter>ObjProduceFactory</Filter>
    </ClCompile>
    <ClCompile Include="AsyncInvoker.cpp">
      <Filter>async_invoker</Filter>
    </ClCompile>
    <ClCompile Include="AsyncEvenLoopInvoker.cpp">
      <Filter>async_invoker</Filter>
    </ClCompile>
    <ClCompile Include="EventLoopWorker.cpp">
      <Filter>async_invoker\inner</Filter>
    </ClCompile>
    <ClCompile Include="JobExecuteThread.cpp">
      <Filter>TaskScheduler</Filter>
    </ClCompile>
    <ClCompile Include="wrapper_thread.cpp">
      <Filter>wrapper</Filter>
    </ClCompile>
    <ClCompile Include="utils\singleton_obj.cpp">
      <Filter>singleton</Filter>
    </ClCompile>
  </ItemGroup>
  <ItemGroup>
    <QtMoc Include="EventLoopWorker.h">
      <Filter>async_invoker\inner</Filter>
    </QtMoc>
  </ItemGroup>
</Project>